
Microsoft Visual Studio Solution File, Format Version 12.00
# Visual Studio 15
VisualStudioVersion = 15.0.27130.2010
MinimumVisualStudioVersion = 10.0.40219.1
Project("{FAE04EC0-301F-11D3-BF4B-00C04F79EFBC}") = "SportStoresProj", "SportStoresProj\SportStoresProj.csproj", "{EC0BE129-ADCD-4D42-BF64-AAE9C0CC875D}"
EndProject
Project("{FAE04EC0-301F-11D3-BF4B-00C04F79EFBC}") = "SportStoresProj.Tests", "SportStoresProj.Tests\SportStoresProj.Tests.csproj", "{C8E49AB1-6B68-4703-9039-0BB177A1EFB9}"
EndProject
Global
	GlobalSection(SolutionConfigurationPlatforms) = preSolution
		Debug|Any CPU = Debug|Any CPU
		Release|Any CPU = Release|Any CPU
	EndGlobalSection
	GlobalSection(ProjectConfigurationPlatforms) = postSolution
		{EC0BE129-ADCD-4D42-BF64-AAE9C0CC875D}.Debug|Any CPU.ActiveCfg = Debug|Any CPU
		{EC0BE129-ADCD-4D42-BF64-AAE9C0CC875D}.Debug|Any CPU.Build.0 = Debug|Any CPU
		{EC0BE129-ADCD-4D42-BF64-AAE9C0CC875D}.Release|Any CPU.ActiveCfg = Release|Any CPU
		{EC0BE129-ADCD-4D42-BF64-AAE9C0CC875D}.Release|Any CPU.Build.0 = Release|Any CPU
		{C8E49AB1-6B68-4703-9039-0BB177A1EFB9}.Debug|Any CPU.ActiveCfg = Debug|Any CPU
		{C8E49AB1-6B68-4703-9039-0BB177A1EFB9}.Debug|Any CPU.Build.0 = Debug|Any CPU
		{C8E49AB1-6B68-4703-9039-0BB177A1EFB9}.Release|Any CPU.ActiveCfg = Release|Any CPU
		{C8E49AB1-6B68-4703-9039-0BB177A1EFB9}.Release|Any CPU.Build.0 = Release|Any CPU
	EndGlobalSection
	GlobalSection(SolutionProperties) = preSolution
		HideSolutionNode = FALSE
	EndGlobalSection
	GlobalSection(ExtensibilityGlobals) = postSolution
		SolutionGuid = {B97D5F3A-87AA-4C9A-8D8D-29E5A32C213C}
	EndGlobalSection
EndGlobal
